
Microsoft Visual Studio Solution File, Format Version 12.00
# Visual Studio Version 16
VisualStudioVersion = 16.0.31321.278
MinimumVisualStudioVersion = 10.0.40219.1
Project("{FAE04EC0-301F-11D3-BF4B-00C04F79EFBC}") = "JCFracturationSystem", "JCFracturationSystem.csproj", "{015B4743-2329-43EA-9260-59EFAF372215}"
EndProject
Global
	GlobalSection(SolutionConfigurationPlatforms) = preSolution
		Debug|Any CPU = Debug|Any CPU
		Release|Any CPU = Release|Any CPU
	EndGlobalSection
	GlobalSection(ProjectConfigurationPlatforms) = postSolution
		{015B4743-2329-43EA-9260-59EFAF372215}.Debug|Any CPU.ActiveCfg = Debug|Any CPU
		{015B4743-2329-43EA-9260-59EFAF372215}.Debug|Any CPU.Build.0 = Debug|Any CPU
		{015B4743-2329-43EA-9260-59EFAF372215}.Release|Any CPU.ActiveCfg = Release|Any CPU
		{015B4743-2329-43EA-9260-59EFAF372215}.Release|Any CPU.Build.0 = Release|Any CPU
	EndGlobalSection
	GlobalSection(SolutionProperties) = preSolution
		HideSolutionNode = FALSE
	EndGlobalSection
	GlobalSection(ExtensibilityGlobals) = postSolution
		SolutionGuid = {CC2F3F06-A0B3-4FE0-9C1C-B173A7D4192E}
	EndGlobalSection
EndGlobal
